
Microsoft Visual Studio Solution File, Format Version 12.00
# Visual Studio Version 17
VisualStudioVersion = 17.7.34031.279
MinimumVisualStudioVersion = 10.0.40219.1
Project("{9A19103F-16F7-4668-BE54-9A1E7A4F7556}") = "baraka.promo", "src\baraka.promo\baraka.promo.csproj", "{F3A615F6-1655-4C71-AAAA-DF2985A5ADAB}"
EndProject
Project("{9A19103F-16F7-4668-BE54-9A1E7A4F7556}") = "baraka.promo.test", "baraka.promo.test\baraka.promo.test.csproj", "{D424EEEB-785F-4A95-A351-B49964EC106B}"
EndProject
Project("{9A19103F-16F7-4668-BE54-9A1E7A4F7556}") = "SmsSender.Serivce", "SmsSender.Serivce\SmsSender.Serivce.csproj", "{135A4A8F-FE6A-4F05-9CC8-95CD82963005}"
EndProject
Global
	GlobalSection(SolutionConfigurationPlatforms) = preSolution
		Debug|Any CPU = Debug|Any CPU
		Release|Any CPU = Release|Any CPU
	EndGlobalSection
	GlobalSection(ProjectConfigurationPlatforms) = postSolution
		{F3A615F6-1655-4C71-AAAA-DF2985A5ADAB}.Debug|Any CPU.ActiveCfg = Debug|Any CPU
		{F3A615F6-1655-4C71-AAAA-DF2985A5ADAB}.Debug|Any CPU.Build.0 = Debug|Any CPU
		{F3A615F6-1655-4C71-AAAA-DF2985A5ADAB}.Release|Any CPU.ActiveCfg = Release|Any CPU
		{F3A615F6-1655-4C71-AAAA-DF2985A5ADAB}.Release|Any CPU.Build.0 = Release|Any CPU
		{D424EEEB-785F-4A95-A351-B49964EC106B}.Debug|Any CPU.ActiveCfg = Debug|Any CPU
		{D424EEEB-785F-4A95-A351-B49964EC106B}.Debug|Any CPU.Build.0 = Debug|Any CPU
		{D424EEEB-785F-4A95-A351-B49964EC106B}.Release|Any CPU.ActiveCfg = Release|Any CPU
		{D424EEEB-785F-4A95-A351-B49964EC106B}.Release|Any CPU.Build.0 = Release|Any CPU
		{135A4A8F-FE6A-4F05-9CC8-95CD82963005}.Debug|Any CPU.ActiveCfg = Debug|Any CPU
		{135A4A8F-FE6A-4F05-9CC8-95CD82963005}.Debug|Any CPU.Build.0 = Debug|Any CPU
		{135A4A8F-FE6A-4F05-9CC8-95CD82963005}.Release|Any CPU.ActiveCfg = Release|Any CPU
		{135A4A8F-FE6A-4F05-9CC8-95CD82963005}.Release|Any CPU.Build.0 = Release|Any CPU
	EndGlobalSection
	GlobalSection(SolutionProperties) = preSolution
		HideSolutionNode = FALSE
	EndGlobalSection
	GlobalSection(ExtensibilityGlobals) = postSolution
		SolutionGuid = {B03B0FE4-41A7-40CE-B3F6-00330E873A60}
	EndGlobalSection
EndGlobal
